
Microsoft Visual Studio Solution File, Format Version 12.00
# Visual Studio Version 17
VisualStudioVersion = 17.1.32328.378
MinimumVisualStudioVersion = 10.0.40219.1
Project("{FAE04EC0-301F-11D3-BF4B-00C04F79EFBC}") = "CoolBooks_NinjaExperts", "CoolBooks_NinjaExperts\CoolBooks_NinjaExperts.csproj", "{5EFE0F1E-E81F-4001-B786-C4614CA4378B}"
EndProject
Global
	GlobalSection(SolutionConfigurationPlatforms) = preSolution
		Debug|Any CPU = Debug|Any CPU
		Release|Any CPU = Release|Any CPU
	EndGlobalSection
	GlobalSection(ProjectConfigurationPlatforms) = postSolution
		{5EFE0F1E-E81F-4001-B786-C4614CA4378B}.Debug|Any CPU.ActiveCfg = Debug|Any CPU
		{5EFE0F1E-E81F-4001-B786-C4614CA4378B}.Debug|Any CPU.Build.0 = Debug|Any CPU
		{5EFE0F1E-E81F-4001-B786-C4614CA4378B}.Release|Any CPU.ActiveCfg = Release|Any CPU
		{5EFE0F1E-E81F-4001-B786-C4614CA4378B}.Release|Any CPU.Build.0 = Release|Any CPU
	EndGlobalSection
	GlobalSection(SolutionProperties) = preSolution
		HideSolutionNode = FALSE
	EndGlobalSection
	GlobalSection(ExtensibilityGlobals) = postSolution
		SolutionGuid = {34A82324-5A3D-41A6-83CD-BB5E8D2DDB74}
	EndGlobalSection
EndGlobal
